<?xml version="1.0" encoding="utf-8"?>
<Project ToolsVersion="4.0" xmlns="http://schemas.microsoft.com/developer/msbuild/2003">
  <ItemGroup>
    <ClCompile Include="DataReader.cpp">
      <Filter>Source Files</Filter>
    </ClCompile>
    <ClCompile Include="Game.cpp">
      <Filter>Source Files</Filter>
    </ClCompile>
    <ClCompile Include="HUD.cpp">
      <Filter>Source Files</Filter>
    </ClCompile>
    <ClCompile Include="InputTranslator.cpp">
      <Filter>Source Files</Filter>
    </ClCompile>
    <ClCompile Include="main.cpp">
      <Filter>Source Files</Filter>
    </ClCompile>
    <ClCompile Include="Menue.cpp">
      <Filter>Source Files</Filter>
    </ClCompile>
    <ClCompile Include="SoundManager.cpp">
      <Filter>Source Files</Filter>
    </ClCompile>
    <ClCompile Include="Unit.cpp">
      <Filter>Source Files</Filter>
    </ClCompile>
    <ClCompile Include="UnitCreator.cpp">
      <Filter>Source Files</Filter>
    </ClCompile>
    <ClCompile Include="UnitManager.cpp">
      <Filter>Source Files</Filter>
    </ClCompile>
    <ClCompile Include="Boss.cpp">
      <Filter>Source Files\Entiteys</Filter>
    </ClCompile>
    <ClCompile Include="BossFireball.cpp">
      <Filter>Source Files\Entiteys</Filter>
    </ClCompile>
    <ClCompile Include="BossHealthEvent.cpp">
      <Filter>Source Files\Events</Filter>
    </ClCompile>
    <ClCompile Include="ChangeLanguageEvent.cpp">
      <Filter>Source Files\Events</Filter>
    </ClCompile>
    <ClCompile Include="ChangePointEvent.cpp">
      <Filter>Source Files\Events</Filter>
    </ClCompile>
    <ClCompile Include="DiffucltyChangeEvent.cpp">
      <Filter>Source Files\Events</Filter>
    </ClCompile>
    <ClCompile Include="GameEvent.cpp">
      <Filter>Source Files\Events</Filter>
    </ClCompile>
    <ClCompile Include="GameOverEvent.cpp">
      <Filter>Source Files\Events</Filter>
    </ClCompile>
    <ClCompile Include="LoadFromSaveEvent.cpp">
      <Filter>Source Files\Events</Filter>
    </ClCompile>
    <ClCompile Include="MuteSoundEvent.cpp">
      <Filter>Source Files\Events</Filter>
    </ClCompile>
    <ClCompile Include="PauseAllAnimations.cpp">
      <Filter>Source Files\Events</Filter>
    </ClCompile>
    <ClCompile Include="PauseGameEvent.cpp">
      <Filter>Source Files\Events</Filter>
    </ClCompile>
    <ClCompile Include="Player.cpp">
      <Filter>Source Files\Entiteys</Filter>
    </ClCompile>
    <ClCompile Include="PlayerDirectionEvent.cpp">
      <Filter>Source Files\Events</Filter>
    </ClCompile>
    <ClCompile Include="PlayerFireball.cpp">
      <Filter>Source Files\Entiteys</Filter>
    </ClCompile>
    <ClCompile Include="PlayerHealthEvent.cpp">
      <Filter>Source Files\Events</Filter>
    </ClCompile>
    <ClCompile Include="PlaySoundEvent.cpp">
      <Filter>Source Files\Events</Filter>
    </ClCompile>
    <ClCompile Include="QuitGame.cpp">
      <Filter>Source Files\Events</Filter>
    </ClCompile>
    <ClCompile Include="SwitchAnimationEvent.cpp">
      <Filter>Source Files\Events</Filter>
    </ClCompile>
    <ClCompile Include="RestartGameEvent.cpp">
      <Filter>Source Files\Events</Filter>
    </ClCompile>
    <ClCompile Include="SwitchMenueEvent.cpp">
      <Filter>Source Files\Events</Filter>
    </ClCompile>
    <ClCompile Include="Tailwind.cpp">
      <Filter>Source Files\Entiteys</Filter>
    </ClCompile>
    <ClCompile Include="UnitChangeEvent.cpp">
      <Filter>Source Files\Events</Filter>
    </ClCompile>
  </ItemGroup>
  <ItemGroup>
    <ClInclude Include="DataReader.h">
      <Filter>Header Files</Filter>
    </ClInclude>
    <ClInclude Include="Game.h">
      <Filter>Header Files</Filter>
    </ClInclude>
    <ClInclude Include="HUD.h">
      <Filter>Header Files</Filter>
    </ClInclude>
    <ClInclude Include="InputTranslator.h">
      <Filter>Header Files</Filter>
    </ClInclude>
    <ClInclude Include="Menue.h">
      <Filter>Header Files</Filter>
    </ClInclude>
    <ClInclude Include="SoundManager.h">
      <Filter>Header Files</Filter>
    </ClInclude>
    <ClInclude Include="Unit.h">
      <Filter>Header Files</Filter>
    </ClInclude>
    <ClInclude Include="UnitChangeEvent.h">
      <Filter>Header Files</Filter>
    </ClInclude>
    <ClInclude Include="UnitCreator.h">
      <Filter>Header Files</Filter>
    </ClInclude>
    <ClInclude Include="UnitManager.h">
      <Filter>Header Files</Filter>
    </ClInclude>
    <ClInclude Include="Boss.h">
      <Filter>Header Files\Entiteys</Filter>
    </ClInclude>
    <ClInclude Include="BossFireball.h">
      <Filter>Header Files\Entiteys</Filter>
    </ClInclude>
    <ClInclude Include="BossHealthEvent.h">
      <Filter>Header Files\Events</Filter>
    </ClInclude>
    <ClInclude Include="ChangeLanguageEvent.h">
      <Filter>Header Files\Events</Filter>
    </ClInclude>
    <ClInclude Include="ChangePointEvent.h">
      <Filter>Header Files\Events</Filter>
    </ClInclude>
    <ClInclude Include="DiffucltyChangeEvent.h">
      <Filter>Header Files\Events</Filter>
    </ClInclude>
    <ClInclude Include="GameOverEvent.h">
      <Filter>Header Files\Events</Filter>
    </ClInclude>
    <ClInclude Include="GameEvent.h">
      <Filter>Header Files\Events</Filter>
    </ClInclude>
    <ClInclude Include="LoadFromSaveEvent.h">
      <Filter>Header Files\Events</Filter>
    </ClInclude>
    <ClInclude Include="MuteSoundEvent.h">
      <Filter>Header Files\Events</Filter>
    </ClInclude>
    <ClInclude Include="PauseAllAnimations.h">
      <Filter>Header Files\Events</Filter>
    </ClInclude>
    <ClInclude Include="PauseGameEvent.h">
      <Filter>Header Files\Events</Filter>
    </ClInclude>
    <ClInclude Include="Player.h">
      <Filter>Header Files\Entiteys</Filter>
    </ClInclude>
    <ClInclude Include="PlayerDirectionEvent.h">
      <Filter>Header Files\Events</Filter>
    </ClInclude>
    <ClInclude Include="PlayerFireball.h">
      <Filter>Header Files\Entiteys</Filter>
    </ClInclude>
    <ClInclude Include="PlayerHealthEvent.h">
      <Filter>Header Files\Events</Filter>
    </ClInclude>
    <ClInclude Include="PlaySoundEvent.h">
      <Filter>Header Files\Events</Filter>
    </ClInclude>
    <ClInclude Include="QuitGame.h">
      <Filter>Header Files\Events</Filter>
    </ClInclude>
    <ClInclude Include="RestartGameEvent.h">
      <Filter>Header Files\Events</Filter>
    </ClInclude>
    <ClInclude Include="SwitchAnimationEvent.h">
      <Filter>Header Files\Events</Filter>
    </ClInclude>
    <ClInclude Include="SwitchMenueEvent.h">
      <Filter>Header Files\Events</Filter>
    </ClInclude>
    <ClInclude Include="Tailwind.h">
      <Filter>Header Files\Entiteys</Filter>
    </ClInclude>
  </ItemGroup>
  <ItemGroup>
    <Text Include="Data.txt" />
    <Text Include="SaveGame.txt" />
  </ItemGroup>
  <ItemGroup>
    <Filter Include="Header Files">
      <UniqueIdentifier>{54e6fc3b-9782-4f82-9f82-58967e38d623}</UniqueIdentifier>
    </Filter>
    <Filter Include="Source Files">
      <UniqueIdentifier>{5a86fe1c-b69d-4e83-98f0-0df5ed22df4a}</UniqueIdentifier>
    </Filter>
    <Filter Include="Source Files\Events">
      <UniqueIdentifier>{67578374-238e-4edf-8004-423c57182d3c}</UniqueIdentifier>
    </Filter>
    <Filter Include="Source Files\Entiteys">
      <UniqueIdentifier>{7154c0aa-e422-4987-bf74-7b61c9af4382}</UniqueIdentifier>
    </Filter>
    <Filter Include="Header Files\Events">
      <UniqueIdentifier>{10c59663-b546-4351-8ed0-614f0a266f08}</UniqueIdentifier>
    </Filter>
    <Filter Include="Header Files\Entiteys">
      <UniqueIdentifier>{2eb2372d-10fb-4f19-8e78-18bdb16d6a21}</UniqueIdentifier>
    </Filter>
  </ItemGroup>
</Project>